
Microsoft Visual Studio Solution File, Format Version 12.00
# Visual Studio 14
VisualStudioVersion = 14.0.25420.1
MinimumVisualStudioVersion = 10.0.40219.1
Project("{F2A71F9B-5D33-465A-A702-920D77279786}") = "VainZero.Tzix.Core", "VainZero.Tzix.Core\VainZero.Tzix.Core.fsproj", "{F1573EB7-C646-4A9A-9A9C-25362727D2C8}"
EndProject
Project("{F2A71F9B-5D33-465A-A702-920D77279786}") = "VainZero.Tzix.Desktop.Core", "VainZero.Tzix.Desktop.Core\VainZero.Tzix.Desktop.Core.fsproj", "{C5092D90-F312-4B82-9BC3-69B3C4B5F18D}"
EndProject
Project("{FAE04EC0-301F-11D3-BF4B-00C04F79EFBC}") = "VainZero.Tzix.Desktop", "VainZero.Tzix.Desktop\VainZero.Tzix.Desktop.csproj", "{E85E4743-0285-4D8A-A050-8CF319EA488E}"
EndProject
Project("{2150E333-8FDC-42A3-9474-1A3956D46DE8}") = "100-Library", "100-Library", "{D2E9FCD4-F198-44BB-AB26-E65C09EF7774}"
EndProject
Project("{F2A71F9B-5D33-465A-A702-920D77279786}") = "Dyxi.Util", "paket-files\vain0\dyxi\Dyxi.Util\Dyxi.Util.fsproj", "{CA0C50AD-AAEE-4B54-92F6-962E3E404B65}"
EndProject
Project("{F2A71F9B-5D33-465A-A702-920D77279786}") = "VainZero.Tzix.Core.UnitTest", "VainZero.Tzix.Core.UnitTest\VainZero.Tzix.Core.UnitTest.fsproj", "{EB4C8F2A-74C2-4568-A2AC-B56634CBF3AB}"
EndProject
Project("{F2A71F9B-5D33-465A-A702-920D77279786}") = "VainZero.Tzix.Desktop.Core.UnitTest", "VainZero.Tzix.Desktop.Core.UnitTest\VainZero.Tzix.Desktop.Core.UnitTest.fsproj", "{4F2FDE95-5237-4904-8044-26C004A57BF6}"
EndProject
Project("{2150E333-8FDC-42A3-9474-1A3956D46DE8}") = "300-Desktop", "300-Desktop", "{3AA3B24F-EA8F-4E93-87F5-15888F277733}"
EndProject
Project("{2150E333-8FDC-42A3-9474-1A3956D46DE8}") = "200-Core", "200-Core", "{1A07E1BA-414A-466C-A453-3392A0CFE8FA}"
EndProject
Global
	GlobalSection(SolutionConfigurationPlatforms) = preSolution
		Debug|Any CPU = Debug|Any CPU
		Release|Any CPU = Release|Any CPU
	EndGlobalSection
	GlobalSection(ProjectConfigurationPlatforms) = postSolution
		{F1573EB7-C646-4A9A-9A9C-25362727D2C8}.Debug|Any CPU.ActiveCfg = Debug|Any CPU
		{F1573EB7-C646-4A9A-9A9C-25362727D2C8}.Debug|Any CPU.Build.0 = Debug|Any CPU
		{F1573EB7-C646-4A9A-9A9C-25362727D2C8}.Release|Any CPU.ActiveCfg = Release|Any CPU
		{F1573EB7-C646-4A9A-9A9C-25362727D2C8}.Release|Any CPU.Build.0 = Release|Any CPU
		{C5092D90-F312-4B82-9BC3-69B3C4B5F18D}.Debug|Any CPU.ActiveCfg = Debug|Any CPU
		{C5092D90-F312-4B82-9BC3-69B3C4B5F18D}.Debug|Any CPU.Build.0 = Debug|Any CPU
		{C5092D90-F312-4B82-9BC3-69B3C4B5F18D}.Release|Any CPU.ActiveCfg = Release|Any CPU
		{C5092D90-F312-4B82-9BC3-69B3C4B5F18D}.Release|Any CPU.Build.0 = Release|Any CPU
		{E85E4743-0285-4D8A-A050-8CF319EA488E}.Debug|Any CPU.ActiveCfg = Debug|Any CPU
		{E85E4743-0285-4D8A-A050-8CF319EA488E}.Debug|Any CPU.Build.0 = Debug|Any CPU
		{E85E4743-0285-4D8A-A050-8CF319EA488E}.Release|Any CPU.ActiveCfg = Release|Any CPU
		{E85E4743-0285-4D8A-A050-8CF319EA488E}.Release|Any CPU.Build.0 = Release|Any CPU
		{CA0C50AD-AAEE-4B54-92F6-962E3E404B65}.Debug|Any CPU.ActiveCfg = Debug|Any CPU
		{CA0C50AD-AAEE-4B54-92F6-962E3E404B65}.Debug|Any CPU.Build.0 = Debug|Any CPU
		{CA0C50AD-AAEE-4B54-92F6-962E3E404B65}.Release|Any CPU.ActiveCfg = Release|Any CPU
		{CA0C50AD-AAEE-4B54-92F6-962E3E404B65}.Release|Any CPU.Build.0 = Release|Any CPU
		{EB4C8F2A-74C2-4568-A2AC-B56634CBF3AB}.Debug|Any CPU.ActiveCfg = Debug|Any CPU
		{EB4C8F2A-74C2-4568-A2AC-B56634CBF3AB}.Debug|Any CPU.Build.0 = Debug|Any CPU
		{EB4C8F2A-74C2-4568-A2AC-B56634CBF3AB}.Release|Any CPU.ActiveCfg = Release|Any CPU
		{EB4C8F2A-74C2-4568-A2AC-B56634CBF3AB}.Release|Any CPU.Build.0 = Release|Any CPU
		{4F2FDE95-5237-4904-8044-26C004A57BF6}.Debug|Any CPU.ActiveCfg = Debug|Any CPU
		{4F2FDE95-5237-4904-8044-26C004A57BF6}.Debug|Any CPU.Build.0 = Debug|Any CPU
		{4F2FDE95-5237-4904-8044-26C004A57BF6}.Release|Any CPU.ActiveCfg = Release|Any CPU
		{4F2FDE95-5237-4904-8044-26C004A57BF6}.Release|Any CPU.Build.0 = Release|Any CPU
	EndGlobalSection
	GlobalSection(SolutionProperties) = preSolution
		HideSolutionNode = FALSE
	EndGlobalSection
	GlobalSection(NestedProjects) = preSolution
		{F1573EB7-C646-4A9A-9A9C-25362727D2C8} = {1A07E1BA-414A-466C-A453-3392A0CFE8FA}
		{C5092D90-F312-4B82-9BC3-69B3C4B5F18D} = {3AA3B24F-EA8F-4E93-87F5-15888F277733}
		{E85E4743-0285-4D8A-A050-8CF319EA488E} = {3AA3B24F-EA8F-4E93-87F5-15888F277733}
		{CA0C50AD-AAEE-4B54-92F6-962E3E404B65} = {D2E9FCD4-F198-44BB-AB26-E65C09EF7774}
		{EB4C8F2A-74C2-4568-A2AC-B56634CBF3AB} = {1A07E1BA-414A-466C-A453-3392A0CFE8FA}
		{4F2FDE95-5237-4904-8044-26C004A57BF6} = {3AA3B24F-EA8F-4E93-87F5-15888F277733}
	EndGlobalSection
EndGlobal
